
Microsoft Visual Studio Solution File, Format Version 12.00
# Visual Studio Version 16
VisualStudioVersion = 16.0.30711.63
MinimumVisualStudioVersion = 10.0.40219.1
Project("{FAE04EC0-301F-11D3-BF4B-00C04F79EFBC}") = "library_accounting_system", "library_accounting_system.csproj", "{99160A78-FC6A-48E1-B152-D2102C2D1DEB}"
EndProject
Global
	GlobalSection(SolutionConfigurationPlatforms) = preSolution
		Debug|Any CPU = Debug|Any CPU
		Release|Any CPU = Release|Any CPU
	EndGlobalSection
	GlobalSection(ProjectConfigurationPlatforms) = postSolution
		{99160A78-FC6A-48E1-B152-D2102C2D1DEB}.Debug|Any CPU.ActiveCfg = Debug|Any CPU
		{99160A78-FC6A-48E1-B152-D2102C2D1DEB}.Debug|Any CPU.Build.0 = Debug|Any CPU
		{99160A78-FC6A-48E1-B152-D2102C2D1DEB}.Release|Any CPU.ActiveCfg = Release|Any CPU
		{99160A78-FC6A-48E1-B152-D2102C2D1DEB}.Release|Any CPU.Build.0 = Release|Any CPU
	EndGlobalSection
	GlobalSection(SolutionProperties) = preSolution
		HideSolutionNode = FALSE
	EndGlobalSection
	GlobalSection(ExtensibilityGlobals) = postSolution
		SolutionGuid = {BDB96F0F-E8E6-4B88-AE7A-E7650C3C5EBD}
	EndGlobalSection
EndGlobal
